
Microsoft Visual Studio Solution File, Format Version 12.00
# Visual Studio Version 17
VisualStudioVersion = 17.0.31903.59
MinimumVisualStudioVersion = 10.0.40219.1
Project("{2150E333-8FDC-42A3-9474-1A3956D46DE8}") = "src", "src", "{827E0CD3-B72D-47B6-A68D-7590B98EB39B}"
EndProject
Project("{FAE04EC0-301F-11D3-BF4B-00C04F79EFBC}") = "AuctionService", "src\AuctionService\AuctionService.csproj", "{401AC07A-971D-456F-B375-8EE4E87DBD22}"
EndProject
Project("{FAE04EC0-301F-11D3-BF4B-00C04F79EFBC}") = "SearchService", "src\SearchService\SearchService.csproj", "{1FCE091C-8A71-42DD-8DBA-3D8D01D0C43D}"
EndProject
Project("{FAE04EC0-301F-11D3-BF4B-00C04F79EFBC}") = "Contracts", "src\Contracts\Contracts.csproj", "{30C0FDBE-383E-492E-A3EF-E7608617DA1B}"
EndProject
Project("{FAE04EC0-301F-11D3-BF4B-00C04F79EFBC}") = "IdentityService", "src\IdentityService\IdentityService.csproj", "{01C553B4-FEAF-4CE7-92A6-3CB36C894265}"
EndProject
Global
	GlobalSection(SolutionConfigurationPlatforms) = preSolution
		Debug|Any CPU = Debug|Any CPU
		Debug|x64 = Debug|x64
		Debug|x86 = Debug|x86
		Release|Any CPU = Release|Any CPU
		Release|x64 = Release|x64
		Release|x86 = Release|x86
	EndGlobalSection
	GlobalSection(ProjectConfigurationPlatforms) = postSolution
		{401AC07A-971D-456F-B375-8EE4E87DBD22}.Debug|Any CPU.ActiveCfg = Debug|Any CPU
		{401AC07A-971D-456F-B375-8EE4E87DBD22}.Debug|Any CPU.Build.0 = Debug|Any CPU
		{401AC07A-971D-456F-B375-8EE4E87DBD22}.Debug|x64.ActiveCfg = Debug|Any CPU
		{401AC07A-971D-456F-B375-8EE4E87DBD22}.Debug|x64.Build.0 = Debug|Any CPU
		{401AC07A-971D-456F-B375-8EE4E87DBD22}.Debug|x86.ActiveCfg = Debug|Any CPU
		{401AC07A-971D-456F-B375-8EE4E87DBD22}.Debug|x86.Build.0 = Debug|Any CPU
		{401AC07A-971D-456F-B375-8EE4E87DBD22}.Release|Any CPU.ActiveCfg = Release|Any CPU
		{401AC07A-971D-456F-B375-8EE4E87DBD22}.Release|Any CPU.Build.0 = Release|Any CPU
		{401AC07A-971D-456F-B375-8EE4E87DBD22}.Release|x64.ActiveCfg = Release|Any CPU
		{401AC07A-971D-456F-B375-8EE4E87DBD22}.Release|x64.Build.0 = Release|Any CPU
		{401AC07A-971D-456F-B375-8EE4E87DBD22}.Release|x86.ActiveCfg = Release|Any CPU
		{401AC07A-971D-456F-B375-8EE4E87DBD22}.Release|x86.Build.0 = Release|Any CPU
		{1FCE091C-8A71-42DD-8DBA-3D8D01D0C43D}.Debug|Any CPU.ActiveCfg = Debug|Any CPU
		{1FCE091C-8A71-42DD-8DBA-3D8D01D0C43D}.Debug|Any CPU.Build.0 = Debug|Any CPU
		{1FCE091C-8A71-42DD-8DBA-3D8D01D0C43D}.Debug|x64.ActiveCfg = Debug|Any CPU
		{1FCE091C-8A71-42DD-8DBA-3D8D01D0C43D}.Debug|x64.Build.0 = Debug|Any CPU
		{1FCE091C-8A71-42DD-8DBA-3D8D01D0C43D}.Debug|x86.ActiveCfg = Debug|Any CPU
		{1FCE091C-8A71-42DD-8DBA-3D8D01D0C43D}.Debug|x86.Build.0 = Debug|Any CPU
		{1FCE091C-8A71-42DD-8DBA-3D8D01D0C43D}.Release|Any CPU.ActiveCfg = Release|Any CPU
		{1FCE091C-8A71-42DD-8DBA-3D8D01D0C43D}.Release|Any CPU.Build.0 = Release|Any CPU
		{1FCE091C-8A71-42DD-8DBA-3D8D01D0C43D}.Release|x64.ActiveCfg = Release|Any CPU
		{1FCE091C-8A71-42DD-8DBA-3D8D01D0C43D}.Release|x64.Build.0 = Release|Any CPU
		{1FCE091C-8A71-42DD-8DBA-3D8D01D0C43D}.Release|x86.ActiveCfg = Release|Any CPU
		{1FCE091C-8A71-42DD-8DBA-3D8D01D0C43D}.Release|x86.Build.0 = Release|Any CPU
		{30C0FDBE-383E-492E-A3EF-E7608617DA1B}.Debug|Any CPU.ActiveCfg = Debug|Any CPU
		{30C0FDBE-383E-492E-A3EF-E7608617DA1B}.Debug|Any CPU.Build.0 = Debug|Any CPU
		{30C0FDBE-383E-492E-A3EF-E7608617DA1B}.Debug|x64.ActiveCfg = Debug|Any CPU
		{30C0FDBE-383E-492E-A3EF-E7608617DA1B}.Debug|x64.Build.0 = Debug|Any CPU
		{30C0FDBE-383E-492E-A3EF-E7608617DA1B}.Debug|x86.ActiveCfg = Debug|Any CPU
		{30C0FDBE-383E-492E-A3EF-E7608617DA1B}.Debug|x86.Build.0 = Debug|Any CPU
		{30C0FDBE-383E-492E-A3EF-E7608617DA1B}.Release|Any CPU.ActiveCfg = Release|Any CPU
		{30C0FDBE-383E-492E-A3EF-E7608617DA1B}.Release|Any CPU.Build.0 = Release|Any CPU
		{30C0FDBE-383E-492E-A3EF-E7608617DA1B}.Release|x64.ActiveCfg = Release|Any CPU
		{30C0FDBE-383E-492E-A3EF-E7608617DA1B}.Release|x64.Build.0 = Release|Any CPU
		{30C0FDBE-383E-492E-A3EF-E7608617DA1B}.Release|x86.ActiveCfg = Release|Any CPU
		{30C0FDBE-383E-492E-A3EF-E7608617DA1B}.Release|x86.Build.0 = Release|Any CPU
		{01C553B4-FEAF-4CE7-92A6-3CB36C894265}.Debug|Any CPU.ActiveCfg = Debug|Any CPU
		{01C553B4-FEAF-4CE7-92A6-3CB36C894265}.Debug|Any CPU.Build.0 = Debug|Any CPU
		{01C553B4-FEAF-4CE7-92A6-3CB36C894265}.Debug|x64.ActiveCfg = Debug|Any CPU
		{01C553B4-FEAF-4CE7-92A6-3CB36C894265}.Debug|x64.Build.0 = Debug|Any CPU
		{01C553B4-FEAF-4CE7-92A6-3CB36C894265}.Debug|x86.ActiveCfg = Debug|Any CPU
		{01C553B4-FEAF-4CE7-92A6-3CB36C894265}.Debug|x86.Build.0 = Debug|Any CPU
		{01C553B4-FEAF-4CE7-92A6-3CB36C894265}.Release|Any CPU.ActiveCfg = Release|Any CPU
		{01C553B4-FEAF-4CE7-92A6-3CB36C894265}.Release|Any CPU.Build.0 = Release|Any CPU
		{01C553B4-FEAF-4CE7-92A6-3CB36C894265}.Release|x64.ActiveCfg = Release|Any CPU
		{01C553B4-FEAF-4CE7-92A6-3CB36C894265}.Release|x64.Build.0 = Release|Any CPU
		{01C553B4-FEAF-4CE7-92A6-3CB36C894265}.Release|x86.ActiveCfg = Release|Any CPU
		{01C553B4-FEAF-4CE7-92A6-3CB36C894265}.Release|x86.Build.0 = Release|Any CPU
	EndGlobalSection
	GlobalSection(SolutionProperties) = preSolution
		HideSolutionNode = FALSE
	EndGlobalSection
	GlobalSection(NestedProjects) = preSolution
		{401AC07A-971D-456F-B375-8EE4E87DBD22} = {827E0CD3-B72D-47B6-A68D-7590B98EB39B}
		{1FCE091C-8A71-42DD-8DBA-3D8D01D0C43D} = {827E0CD3-B72D-47B6-A68D-7590B98EB39B}
		{30C0FDBE-383E-492E-A3EF-E7608617DA1B} = {827E0CD3-B72D-47B6-A68D-7590B98EB39B}
		{01C553B4-FEAF-4CE7-92A6-3CB36C894265} = {827E0CD3-B72D-47B6-A68D-7590B98EB39B}
	EndGlobalSection
EndGlobal
